
Microsoft Visual Studio Solution File, Format Version 12.00
# Visual Studio Version 17
VisualStudioVersion = 17.11.35312.102
MinimumVisualStudioVersion = 10.0.40219.1
Project("{FAE04EC0-301F-11D3-BF4B-00C04F79EFBC}") = "S2 _CA1_Web API", "S2 _CA1_Web API\S2 _CA1_Web API.csproj", "{D99E2CC4-38DF-45DC-A34F-50AC96FB3DF3}"
EndProject
Global
	GlobalSection(SolutionConfigurationPlatforms) = preSolution
		Debug|Any CPU = Debug|Any CPU
		Release|Any CPU = Release|Any CPU
	EndGlobalSection
	GlobalSection(ProjectConfigurationPlatforms) = postSolution
		{D99E2CC4-38DF-45DC-A34F-50AC96FB3DF3}.Debug|Any CPU.ActiveCfg = Debug|Any CPU
		{D99E2CC4-38DF-45DC-A34F-50AC96FB3DF3}.Debug|Any CPU.Build.0 = Debug|Any CPU
		{D99E2CC4-38DF-45DC-A34F-50AC96FB3DF3}.Release|Any CPU.ActiveCfg = Release|Any CPU
		{D99E2CC4-38DF-45DC-A34F-50AC96FB3DF3}.Release|Any CPU.Build.0 = Release|Any CPU
	EndGlobalSection
	GlobalSection(SolutionProperties) = preSolution
		HideSolutionNode = FALSE
	EndGlobalSection
	GlobalSection(ExtensibilityGlobals) = postSolution
		SolutionGuid = {AD3DBB2B-6207-4FC1-8F96-2228FE8008C1}
	EndGlobalSection
EndGlobal
